// !$*UTF8*$!
{
	archiveVersion = 1;
	classes = {
	};
	objectVersion = 55;
	objects = {

/* Begin PBXFileReference section */
		A76B9C20273E99590047D217 /* Property Wrapper.playground */ = {isa = PBXFileReference; lastKnownFileType = file.playground; path = "Property Wrapper.playground"; sourceTree = "<group>"; xcLanguageSpecificationIdentifier = xcode.lang.swift; };
		A7F3E99A274272B800360EB3 /* SettingsManager.swift */ = {isa = PBXFileReference; lastKnownFileType = sourcecode.swift; path = SettingsManager.swift; sourceTree = "<group>"; };
/* End PBXFileReference section */

/* Begin PBXGroup section */
		A76B9C19273E990C0047D217 = {
			isa = PBXGroup;
			children = (
				A76B9C20273E99590047D217 /* Property Wrapper.playground */,
				A7F3E999274272A100360EB3 /* Challenges */,
			);
			sourceTree = "<group>";
		};
		A7F3E999274272A100360EB3 /* Challenges */ = {
			isa = PBXGroup;
			children = (
				A7F3E99A274272B800360EB3 /* SettingsManager.swift */,
			);
			path = Challenges;
			sourceTree = "<group>";
		};
/* End PBXGroup section */

/* Begin PBXProject section */
		A76B9C1A273E990C0047D217 /* Project object */ = {
			isa = PBXProject;
			attributes = {
				BuildIndependentTargetsInParallel = 1;
				LastUpgradeCheck = 1310;
			};
			buildConfigurationList = A76B9C1D273E990C0047D217 /* Build configuration list for PBXProject "LiL Swift Programming Advanced" */;
			compatibilityVersion = "Xcode 13.0";
			developmentRegion = en;
			hasScannedForEncodings = 0;
			knownRegions = (
				en,
				Base,
			);
			mainGroup = A76B9C19273E990C0047D217;
			projectDirPath = "";
			projectRoot = "";
			targets = (
			);
		};
/* End PBXProject section */

/* Begin XCBuildConfiguration section */
		A76B9C1E273E990C0047D217 /* Debug */ = {
			isa = XCBuildConfiguration;
			buildSettings = {
			};
			name = Debug;
		};
		A76B9C1F273E990C0047D217 /* Release */ = {
			isa = XCBuildConfiguration;
			buildSettings = {
			};
			name = Release;
		};
/* End XCBuildConfiguration section */

/* Begin XCConfigurationList section */
		A76B9C1D273E990C0047D217 /* Build configuration list for PBXProject "LiL Swift Programming Advanced" */ = {
			isa = XCConfigurationList;
			buildConfigurations = (
				A76B9C1E273E990C0047D217 /* Debug */,
				A76B9C1F273E990C0047D217 /* Release */,
			);
			defaultConfigurationIsVisible = 0;
			defaultConfigurationName = Release;
		};
/* End XCConfigurationList section */
	};
	rootObject = A76B9C1A273E990C0047D217 /* Project object */;
}
